// !$*UTF8*$!
{
	archiveVersion = 1;
	classes = {
	};
	objectVersion = 46;
	objects = {

/* Begin PBXBuildFile section */
		150FBE161B5FBDFA00E6BA02 /* AppDelegate.swift in Sources */ = {isa = PBXBuildFile; fileRef = 150FBE151B5FBDFA00E6BA02 /* AppDelegate.swift */; };
		150FBE181B5FBDFA00E6BA02 /* ViewController.swift in Sources */ = {isa = PBXBuildFile; fileRef = 150FBE171B5FBDFA00E6BA02 /* ViewController.swift */; };
		150FBE1B1B5FBDFA00E6BA02 /* Main.storyboard in Resources */ = {isa = PBXBuildFile; fileRef = 150FBE191B5FBDFA00E6BA02 /* Main.storyboard */; };
		150FBE1D1B5FBDFA00E6BA02 /* Images.xcassets in Resources */ = {isa = PBXBuildFile; fileRef = 150FBE1C1B5FBDFA00E6BA02 /* Images.xcassets */; };
		150FBE201B5FBDFA00E6BA02 /* LaunchScreen.xib in Resources */ = {isa = PBXBuildFile; fileRef = 150FBE1E1B5FBDFA00E6BA02 /* LaunchScreen.xib */; };
		150FBE2C1B5FBDFA00E6BA02 /* Lesson_15___Weather_ForecastTests.swift in Sources */ = {isa = PBXBuildFile; fileRef = 150FBE2B1B5FBDFA00E6BA02 /* Lesson_15___Weather_ForecastTests.swift */; };
		150FBE401B5FBE5800E6BA02 /* Alamofire.swift in Sources */ = {isa = PBXBuildFile; fileRef = 150FBE361B5FBE5800E6BA02 /* Alamofire.swift */; };
		150FBE411B5FBE5800E6BA02 /* Download.swift in Sources */ = {isa = PBXBuildFile; fileRef = 150FBE371B5FBE5800E6BA02 /* Download.swift */; };
		150FBE421B5FBE5800E6BA02 /* Info.plist in Resources */ = {isa = PBXBuildFile; fileRef = 150FBE381B5FBE5800E6BA02 /* Info.plist */; };
		150FBE431B5FBE5800E6BA02 /* Manager.swift in Sources */ = {isa = PBXBuildFile; fileRef = 150FBE391B5FBE5800E6BA02 /* Manager.swift */; };
		150FBE441B5FBE5800E6BA02 /* MultipartFormData.swift in Sources */ = {isa = PBXBuildFile; fileRef = 150FBE3A1B5FBE5800E6BA02 /* MultipartFormData.swift */; };
		150FBE451B5FBE5800E6BA02 /* ParameterEncoding.swift in Sources */ = {isa = PBXBuildFile; fileRef = 150FBE3B1B5FBE5800E6BA02 /* ParameterEncoding.swift */; };
		150FBE461B5FBE5800E6BA02 /* Request.swift in Sources */ = {isa = PBXBuildFile; fileRef = 150FBE3C1B5FBE5800E6BA02 /* Request.swift */; };
		150FBE471B5FBE5800E6BA02 /* ResponseSerialization.swift in Sources */ = {isa = PBXBuildFile; fileRef = 150FBE3D1B5FBE5800E6BA02 /* ResponseSerialization.swift */; };
		150FBE481B5FBE5800E6BA02 /* Upload.swift in Sources */ = {isa = PBXBuildFile; fileRef = 150FBE3E1B5FBE5800E6BA02 /* Upload.swift */; };
		150FBE491B5FBE5800E6BA02 /* Validation.swift in Sources */ = {isa = PBXBuildFile; fileRef = 150FBE3F1B5FBE5800E6BA02 /* Validation.swift */; };
		150FBE4C1B5FBF6C00E6BA02 /* SwiftyJSON.swift in Sources */ = {isa = PBXBuildFile; fileRef = 150FBE4B1B5FBF6C00E6BA02 /* SwiftyJSON.swift */; };
		150FBE501B5FD66500E6BA02 /* sky 1.jpg in Resources */ = {isa = PBXBuildFile; fileRef = 150FBE4F1B5FD66500E6BA02 /* sky 1.jpg */; };
/* End PBXBuildFile section */

/* Begin PBXContainerItemProxy section */
		150FBE261B5FBDFA00E6BA02 /* PBXContainerItemProxy */ = {
			isa = PBXContainerItemProxy;
			containerPortal = 150FBE081B5FBDFA00E6BA02 /* Project object */;
			proxyType = 1;
			remoteGlobalIDString = 150FBE0F1B5FBDFA00E6BA02;
			remoteInfo = "Lesson 15 - Weather Forecast";
		};
/* End PBXContainerItemProxy section */

/* Begin PBXFileReference section */
		150FBE101B5FBDFA00E6BA02 /* Lesson 15 - Weather Forecast.app */ = {isa = PBXFileReference; explicitFileType = wrapper.application; includeInIndex = 0; path = "Lesson 15 - Weather Forecast.app"; sourceTree = BUILT_PRODUCTS_DIR; };
		150FBE141B5FBDFA00E6BA02 /* Info.plist */ = {isa = PBXFileReference; lastKnownFileType = text.plist.xml; path = Info.plist; sourceTree = "<group>"; };
		150FBE151B5FBDFA00E6BA02 /* AppDelegate.swift */ = {isa = PBXFileReference; lastKnownFileType = sourcecode.swift; path = AppDelegate.swift; sourceTree = "<group>"; };
		150FBE171B5FBDFA00E6BA02 /* ViewController.swift */ = {isa = PBXFileReference; lastKnownFileType = sourcecode.swift; path = ViewController.swift; sourceTree = "<group>"; };
		150FBE1A1B5FBDFA00E6BA02 /* Base */ = {isa = PBXFileReference; lastKnownFileType = file.storyboard; name = Base; path = Base.lproj/Main.storyboard; sourceTree = "<group>"; };
		150FBE1C1B5FBDFA00E6BA02 /* Images.xcassets */ = {isa = PBXFileReference; lastKnownFileType = folder.assetcatalog; path = Images.xcassets; sourceTree = "<group>"; };
		150FBE1F1B5FBDFA00E6BA02 /* Base */ = {isa = PBXFileReference; lastKnownFileType = file.xib; name = Base; path = Base.lproj/LaunchScreen.xib; sourceTree = "<group>"; };
		150FBE251B5FBDFA00E6BA02 /* Lesson 15 - Weather ForecastTests.xctest */ = {isa = PBXFileReference; explicitFileType = wrapper.cfbundle; includeInIndex = 0; path = "Lesson 15 - Weather ForecastTests.xctest"; sourceTree = BUILT_PRODUCTS_DIR; };
		150FBE2A1B5FBDFA00E6BA02 /* Info.plist */ = {isa = PBXFileReference; lastKnownFileType = text.plist.xml; path = Info.plist; sourceTree = "<group>"; };
		150FBE2B1B5FBDFA00E6BA02 /* Lesson_15___Weather_ForecastTests.swift */ = {isa = PBXFileReference; lastKnownFileType = sourcecode.swift; path = "Lesson_15___Weather_ForecastTests.swift"; sourceTree = "<group>"; };
		150FBE351B5FBE5800E6BA02 /* Alamofire.h */ = {isa = PBXFileReference; fileEncoding = 4; lastKnownFileType = sourcecode.c.h; path = Alamofire.h; sourceTree = "<group>"; };
		150FBE361B5FBE5800E6BA02 /* Alamofire.swift */ = {isa = PBXFileReference; fileEncoding = 4; lastKnownFileType = sourcecode.swift; path = Alamofire.swift; sourceTree = "<group>"; };
		150FBE371B5FBE5800E6BA02 /* Download.swift */ = {isa = PBXFileReference; fileEncoding = 4; lastKnownFileType = sourcecode.swift; path = Download.swift; sourceTree = "<group>"; };
		150FBE381B5FBE5800E6BA02 /* Info.plist */ = {isa = PBXFileReference; fileEncoding = 4; lastKnownFileType = text.plist.xml; path = Info.plist; sourceTree = "<group>"; };
		150FBE391B5FBE5800E6BA02 /* Manager.swift */ = {isa = PBXFileReference; fileEncoding = 4; lastKnownFileType = sourcecode.swift; path = Manager.swift; sourceTree = "<group>"; };
		150FBE3A1B5FBE5800E6BA02 /* MultipartFormData.swift */ = {isa = PBXFileReference; fileEncoding = 4; lastKnownFileType = sourcecode.swift; path = MultipartFormData.swift; sourceTree = "<group>"; };
		150FBE3B1B5FBE5800E6BA02 /* ParameterEncoding.swift */ = {isa = PBXFileReference; fileEncoding = 4; lastKnownFileType = sourcecode.swift; path = ParameterEncoding.swift; sourceTree = "<group>"; };
		150FBE3C1B5FBE5800E6BA02 /* Request.swift */ = {isa = PBXFileReference; fileEncoding = 4; lastKnownFileType = sourcecode.swift; path = Request.swift; sourceTree = "<group>"; };
		150FBE3D1B5FBE5800E6BA02 /* ResponseSerialization.swift */ = {isa = PBXFileReference; fileEncoding = 4; lastKnownFileType = sourcecode.swift; path = ResponseSerialization.swift; sourceTree = "<group>"; };
		150FBE3E1B5FBE5800E6BA02 /* Upload.swift */ = {isa = PBXFileReference; fileEncoding = 4; lastKnownFileType = sourcecode.swift; path = Upload.swift; sourceTree = "<group>"; };
		150FBE3F1B5FBE5800E6BA02 /* Validation.swift */ = {isa = PBXFileReference; fileEncoding = 4; lastKnownFileType = sourcecode.swift; path = Validation.swift; sourceTree = "<group>"; };
		150FBE4B1B5FBF6C00E6BA02 /* SwiftyJSON.swift */ = {isa = PBXFileReference; fileEncoding = 4; lastKnownFileType = sourcecode.swift; path = SwiftyJSON.swift; sourceTree = "<group>"; };
		150FBE4F1B5FD66500E6BA02 /* sky 1.jpg */ = {isa = PBXFileReference; lastKnownFileType = image.jpeg; path = "sky 1.jpg"; sourceTree = "<group>"; };
/* End PBXFileReference section */

/* Begin PBXFrameworksBuildPhase section */
		150FBE0D1B5FBDFA00E6BA02 /* Frameworks */ = {
			isa = PBXFrameworksBuildPhase;
			buildActionMask = 2147483647;
			files = (
			);
			runOnlyForDeploymentPostprocessing = 0;
		};
		150FBE221B5FBDFA00E6BA02 /* Frameworks */ = {
			isa = PBXFrameworksBuildPhase;
			buildActionMask = 2147483647;
			files = (
			);
			runOnlyForDeploymentPostprocessing = 0;
		};
/* End PBXFrameworksBuildPhase section */

/* Begin PBXGroup section */
		150FBE071B5FBDFA00E6BA02 = {
			isa = PBXGroup;
			children = (
				150FBE4A1B5FBE5F00E6BA02 /* Alamofire */,
				150FBE121B5FBDFA00E6BA02 /* Lesson 15 - Weather Forecast */,
				150FBE281B5FBDFA00E6BA02 /* Lesson 15 - Weather ForecastTests */,
				150FBE111B5FBDFA00E6BA02 /* Products */,
			);
			sourceTree = "<group>";
		};
		150FBE111B5FBDFA00E6BA02 /* Products */ = {
			isa = PBXGroup;
			children = (
				150FBE101B5FBDFA00E6BA02 /* Lesson 15 - Weather Forecast.app */,
				150FBE251B5FBDFA00E6BA02 /* Lesson 15 - Weather ForecastTests.xctest */,
			);
			name = Products;
			sourceTree = "<group>";
		};
		150FBE121B5FBDFA00E6BA02 /* Lesson 15 - Weather Forecast */ = {
			isa = PBXGroup;
			children = (
				150FBE151B5FBDFA00E6BA02 /* AppDelegate.swift */,
				150FBE171B5FBDFA00E6BA02 /* ViewController.swift */,
				150FBE191B5FBDFA00E6BA02 /* Main.storyboard */,
				150FBE1C1B5FBDFA00E6BA02 /* Images.xcassets */,
				150FBE1E1B5FBDFA00E6BA02 /* LaunchScreen.xib */,
				150FBE131B5FBDFA00E6BA02 /* Supporting Files */,
			);
			path = "Lesson 15 - Weather Forecast";
			sourceTree = "<group>";
		};
		150FBE131B5FBDFA00E6BA02 /* Supporting Files */ = {
			isa = PBXGroup;
			children = (
				150FBE141B5FBDFA00E6BA02 /* Info.plist */,
			);
			name = "Supporting Files";
			sourceTree = "<group>";
		};
		150FBE281B5FBDFA00E6BA02 /* Lesson 15 - Weather ForecastTests */ = {
			isa = PBXGroup;
			children = (
				150FBE2B1B5FBDFA00E6BA02 /* Lesson_15___Weather_ForecastTests.swift */,
				150FBE291B5FBDFA00E6BA02 /* Supporting Files */,
			);
			path = "Lesson 15 - Weather ForecastTests";
			sourceTree = "<group>";
		};
		150FBE291B5FBDFA00E6BA02 /* Supporting Files */ = {
			isa = PBXGroup;
			children = (
				150FBE2A1B5FBDFA00E6BA02 /* Info.plist */,
			);
			name = "Supporting Files";
			sourceTree = "<group>";
		};
		150FBE4A1B5FBE5F00E6BA02 /* Alamofire */ = {
			isa = PBXGroup;
			children = (
				150FBE4F1B5FD66500E6BA02 /* sky 1.jpg */,
				150FBE351B5FBE5800E6BA02 /* Alamofire.h */,
				150FBE361B5FBE5800E6BA02 /* Alamofire.swift */,
				150FBE371B5FBE5800E6BA02 /* Download.swift */,
				150FBE381B5FBE5800E6BA02 /* Info.plist */,
				150FBE391B5FBE5800E6BA02 /* Manager.swift */,
				150FBE3A1B5FBE5800E6BA02 /* MultipartFormData.swift */,
				150FBE3B1B5FBE5800E6BA02 /* ParameterEncoding.swift */,
				150FBE3C1B5FBE5800E6BA02 /* Request.swift */,
				150FBE3D1B5FBE5800E6BA02 /* ResponseSerialization.swift */,
				150FBE3E1B5FBE5800E6BA02 /* Upload.swift */,
				150FBE3F1B5FBE5800E6BA02 /* Validation.swift */,
				150FBE4B1B5FBF6C00E6BA02 /* SwiftyJSON.swift */,
			);
			name = Alamofire;
			sourceTree = "<group>";
		};
/* End PBXGroup section */

/* Begin PBXNativeTarget section */
		150FBE0F1B5FBDFA00E6BA02 /* Lesson 15 - Weather Forecast */ = {
			isa = PBXNativeTarget;
			buildConfigurationList = 150FBE2F1B5FBDFA00E6BA02 /* Build configuration list for PBXNativeTarget "Lesson 15 - Weather Forecast" */;
			buildPhases = (
				150FBE0C1B5FBDFA00E6BA02 /* Sources */,
				150FBE0D1B5FBDFA00E6BA02 /* Frameworks */,
				150FBE0E1B5FBDFA00E6BA02 /* Resources */,
			);
			buildRules = (
			);
			dependencies = (
			);
			name = "Lesson 15 - Weather Forecast";
			productName = "Lesson 15 - Weather Forecast";
			productReference = 150FBE101B5FBDFA00E6BA02 /* Lesson 15 - Weather Forecast.app */;
			productType = "com.apple.product-type.application";
		};
		150FBE241B5FBDFA00E6BA02 /* Lesson 15 - Weather ForecastTests */ = {
			isa = PBXNativeTarget;
			buildConfigurationList = 150FBE321B5FBDFA00E6BA02 /* Build configuration list for PBXNativeTarget "Lesson 15 - Weather ForecastTests" */;
			buildPhases = (
				150FBE211B5FBDFA00E6BA02 /* Sources */,
				150FBE221B5FBDFA00E6BA02 /* Frameworks */,
				150FBE231B5FBDFA00E6BA02 /* Resources */,
			);
			buildRules = (
			);
			dependencies = (
				150FBE271B5FBDFA00E6BA02 /* PBXTargetDependency */,
			);
			name = "Lesson 15 - Weather ForecastTests";
			productName = "Lesson 15 - Weather ForecastTests";
			productReference = 150FBE251B5FBDFA00E6BA02 /* Lesson 15 - Weather ForecastTests.xctest */;
			productType = "com.apple.product-type.bundle.unit-test";
		};
/* End PBXNativeTarget section */

/* Begin PBXProject section */
		150FBE081B5FBDFA00E6BA02 /* Project object */ = {
			isa = PBXProject;
			attributes = {
				LastUpgradeCheck = 0630;
				ORGANIZATIONNAME = "Flora Wong";
				TargetAttributes = {
					150FBE0F1B5FBDFA00E6BA02 = {
						CreatedOnToolsVersion = 6.3.2;
					};
					150FBE241B5FBDFA00E6BA02 = {
						CreatedOnToolsVersion = 6.3.2;
						TestTargetID = 150FBE0F1B5FBDFA00E6BA02;
					};
				};
			};
			buildConfigurationList = 150FBE0B1B5FBDFA00E6BA02 /* Build configuration list for PBXProject "Lesson 15 - Weather Forecast" */;
			compatibilityVersion = "Xcode 3.2";
			developmentRegion = English;
			hasScannedForEncodings = 0;
			knownRegions = (
				en,
				Base,
			);
			mainGroup = 150FBE071B5FBDFA00E6BA02;
			productRefGroup = 150FBE111B5FBDFA00E6BA02 /* Products */;
			projectDirPath = "";
			projectRoot = "";
			targets = (
				150FBE0F1B5FBDFA00E6BA02 /* Lesson 15 - Weather Forecast */,
				150FBE241B5FBDFA00E6BA02 /* Lesson 15 - Weather ForecastTests */,
			);
		};
/* End PBXProject section */

/* Begin PBXResourcesBuildPhase section */
		150FBE0E1B5FBDFA00E6BA02 /* Resources */ = {
			isa = PBXResourcesBuildPhase;
			buildActionMask = 2147483647;
			files = (
				150FBE421B5FBE5800E6BA02 /* Info.plist in Resources */,
				150FBE501B5FD66500E6BA02 /* sky 1.jpg in Resources */,
				150FBE1B1B5FBDFA00E6BA02 /* Main.storyboard in Resources */,
				150FBE201B5FBDFA00E6BA02 /* LaunchScreen.xib in Resources */,
				150FBE1D1B5FBDFA00E6BA02 /* Images.xcassets in Resources */,
			);
			runOnlyForDeploymentPostprocessing = 0;
		};
		150FBE231B5FBDFA00E6BA02 /* Resources */ = {
			isa = PBXResourcesBuildPhase;
			buildActionMask = 2147483647;
			files = (
			);
			runOnlyForDeploymentPostprocessing = 0;
		};
/* End PBXResourcesBuildPhase section */

/* Begin PBXSourcesBuildPhase section */
		150FBE0C1B5FBDFA00E6BA02 /* Sources */ = {
			isa = PBXSourcesBuildPhase;
			buildActionMask = 2147483647;
			files = (
				150FBE451B5FBE5800E6BA02 /* ParameterEncoding.swift in Sources */,
				150FBE461B5FBE5800E6BA02 /* Request.swift in Sources */,
				150FBE491B5FBE5800E6BA02 /* Validation.swift in Sources */,
				150FBE4C1B5FBF6C00E6BA02 /* SwiftyJSON.swift in Sources */,
				150FBE441B5FBE5800E6BA02 /* MultipartFormData.swift in Sources */,
				150FBE401B5FBE5800E6BA02 /* Alamofire.swift in Sources */,
				150FBE471B5FBE5800E6BA02 /* ResponseSerialization.swift in Sources */,
				150FBE411B5FBE5800E6BA02 /* Download.swift in Sources */,
				150FBE481B5FBE5800E6BA02 /* Upload.swift in Sources */,
				150FBE181B5FBDFA00E6BA02 /* ViewController.swift in Sources */,
				150FBE161B5FBDFA00E6BA02 /* AppDelegate.swift in Sources */,
				150FBE431B5FBE5800E6BA02 /* Manager.swift in Sources */,
			);
			runOnlyForDeploymentPostprocessing = 0;
		};
		150FBE211B5FBDFA00E6BA02 /* Sources */ = {
			isa = PBXSourcesBuildPhase;
			buildActionMask = 2147483647;
			files = (
				150FBE2C1B5FBDFA00E6BA02 /* Lesson_15___Weather_ForecastTests.swift in Sources */,
			);
			runOnlyForDeploymentPostprocessing = 0;
		};
/* End PBXSourcesBuildPhase section */

/* Begin PBXTargetDependency section */
		150FBE271B5FBDFA00E6BA02 /* PBXTargetDependency */ = {
			isa = PBXTargetDependency;
			target = 150FBE0F1B5FBDFA00E6BA02 /* Lesson 15 - Weather Forecast */;
			targetProxy = 150FBE261B5FBDFA00E6BA02 /* PBXContainerItemProxy */;
		};
/* End PBXTargetDependency section */

/* Begin PBXVariantGroup section */
		150FBE191B5FBDFA00E6BA02 /* Main.storyboard */ = {
			isa = PBXVariantGroup;
			children = (
				150FBE1A1B5FBDFA00E6BA02 /* Base */,
			);
			name = Main.storyboard;
			sourceTree = "<group>";
		};
		150FBE1E1B5FBDFA00E6BA02 /* LaunchScreen.xib */ = {
			isa = PBXVariantGroup;
			children = (
				150FBE1F1B5FBDFA00E6BA02 /* Base */,
			);
			name = LaunchScreen.xib;
			sourceTree = "<group>";
		};
/* End PBXVariantGroup section */

/* Begin XCBuildConfiguration section */
		150FBE2D1B5FBDFA00E6BA02 /* Debug */ = {
			isa = XCBuildConfiguration;
			buildSettings = {
				ALWAYS_SEARCH_USER_PATHS = NO;
				CLANG_CXX_LANGUAGE_STANDARD = "gnu++0x";
				CLANG_CXX_LIBRARY = "libc++";
				CLANG_ENABLE_MODULES = YES;
				CLANG_ENABLE_OBJC_ARC = YES;
				CLANG_WARN_BOOL_CONVERSION = YES;
				CLANG_WARN_CONSTANT_CONVERSION = YES;
				CLANG_WARN_DIRECT_OBJC_ISA_USAGE = YES_ERROR;
				CLANG_WARN_EMPTY_BODY = YES;
				CLANG_WARN_ENUM_CONVERSION = YES;
				CLANG_WARN_INT_CONVERSION = YES;
				CLANG_WARN_OBJC_ROOT_CLASS = YES_ERROR;
				CLANG_WARN_UNREACHABLE_CODE = YES;
				CLANG_WARN__DUPLICATE_METHOD_MATCH = YES;
				"CODE_SIGN_IDENTITY[sdk=iphoneos*]" = "iPhone Developer";
				COPY_PHASE_STRIP = NO;
				DEBUG_INFORMATION_FORMAT = "dwarf-with-dsym";
				ENABLE_STRICT_OBJC_MSGSEND = YES;
				GCC_C_LANGUAGE_STANDARD = gnu99;
				GCC_DYNAMIC_NO_PIC = NO;
				GCC_NO_COMMON_BLOCKS = YES;
				GCC_OPTIMIZATION_LEVEL = 0;
				GCC_PREPROCESSOR_DEFINITIONS = (
					"DEBUG=1",
					"$(inherited)",
				);
				GCC_SYMBOLS_PRIVATE_EXTERN = NO;
				GCC_WARN_64_TO_32_BIT_CONVERSION = YES;
				GCC_WARN_ABOUT_RETURN_TYPE = YES_ERROR;
				GCC_WARN_UNDECLARED_SELECTOR = YES;
				GCC_WARN_UNINITIALIZED_AUTOS = YES_AGGRESSIVE;
				GCC_WARN_UNUSED_FUNCTION = YES;
				GCC_WARN_UNUSED_VARIABLE = YES;
				IPHONEOS_DEPLOYMENT_TARGET = 8.3;
				MTL_ENABLE_DEBUG_INFO = YES;
				ONLY_ACTIVE_ARCH = YES;
				SDKROOT = iphoneos;
				SWIFT_OPTIMIZATION_LEVEL = "-Onone";
			};
			name = Debug;
		};
		150FBE2E1B5FBDFA00E6BA02 /* Release */ = {
			isa = XCBuildConfiguration;
			buildSettings = {
				ALWAYS_SEARCH_USER_PATHS = NO;
				CLANG_CXX_LANGUAGE_STANDARD = "gnu++0x";
				CLANG_CXX_LIBRARY = "libc++";
				CLANG_ENABLE_MODULES = YES;
				CLANG_ENABLE_OBJC_ARC = YES;
				CLANG_WARN_BOOL_CONVERSION = YES;
				CLANG_WARN_CONSTANT_CONVERSION = YES;
				CLANG_WARN_DIRECT_OBJC_ISA_USAGE = YES_ERROR;
				CLANG_WARN_EMPTY_BODY = YES;
				CLANG_WARN_ENUM_CONVERSION = YES;
				CLANG_WARN_INT_CONVERSION = YES;
				CLANG_WARN_OBJC_ROOT_CLASS = YES_ERROR;
				CLANG_WARN_UNREACHABLE_CODE = YES;
				CLANG_WARN__DUPLICATE_METHOD_MATCH = YES;
				"CODE_SIGN_IDENTITY[sdk=iphoneos*]" = "iPhone Developer";
				COPY_PHASE_STRIP = NO;
				DEBUG_INFORMATION_FORMAT = "dwarf-with-dsym";
				ENABLE_NS_ASSERTIONS = NO;
				ENABLE_STRICT_OBJC_MSGSEND = YES;
				GCC_C_LANGUAGE_STANDARD = gnu99;
				GCC_NO_COMMON_BLOCKS = YES;
				GCC_WARN_64_TO_32_BIT_CONVERSION = YES;
				GCC_WARN_ABOUT_RETURN_TYPE = YES_ERROR;
				GCC_WARN_UNDECLARED_SELECTOR = YES;
				GCC_WARN_UNINITIALIZED_AUTOS = YES_AGGRESSIVE;
				GCC_WARN_UNUSED_FUNCTION = YES;
				GCC_WARN_UNUSED_VARIABLE = YES;
				IPHONEOS_DEPLOYMENT_TARGET = 8.3;
				MTL_ENABLE_DEBUG_INFO = NO;
				SDKROOT = iphoneos;
				VALIDATE_PRODUCT = YES;
			};
			name = Release;
		};
		150FBE301B5FBDFA00E6BA02 /* Debug */ = {
			isa = XCBuildConfiguration;
			buildSettings = {
				ASSETCATALOG_COMPILER_APPICON_NAME = AppIcon;
				INFOPLIST_FILE = "Lesson 15 - Weather Forecast/Info.plist";
				LD_RUNPATH_SEARCH_PATHS = "$(inherited) @executable_path/Frameworks";
				PRODUCT_NAME = "$(TARGET_NAME)";
			};
			name = Debug;
		};
		150FBE311B5FBDFA00E6BA02 /* Release */ = {
			isa = XCBuildConfiguration;
			buildSettings = {
				ASSETCATALOG_COMPILER_APPICON_NAME = AppIcon;
				INFOPLIST_FILE = "Lesson 15 - Weather Forecast/Info.plist";
				LD_RUNPATH_SEARCH_PATHS = "$(inherited) @executable_path/Frameworks";
				PRODUCT_NAME = "$(TARGET_NAME)";
			};
			name = Release;
		};
		150FBE331B5FBDFA00E6BA02 /* Debug */ = {
			isa = XCBuildConfiguration;
			buildSettings = {
				BUNDLE_LOADER = "$(TEST_HOST)";
				FRAMEWORK_SEARCH_PATHS = (
					"$(SDKROOT)/Developer/Library/Frameworks",
					"$(inherited)",
				);
				GCC_PREPROCESSOR_DEFINITIONS = (
					"DEBUG=1",
					"$(inherited)",
				);
				INFOPLIST_FILE = "Lesson 15 - Weather ForecastTests/Info.plist";
				LD_RUNPATH_SEARCH_PATHS = "$(inherited) @executable_path/Frameworks @loader_path/Frameworks";
				PRODUCT_NAME = "$(TARGET_NAME)";
				TEST_HOST = "$(BUILT_PRODUCTS_DIR)/Lesson 15 - Weather Forecast.app/Lesson 15 - Weather Forecast";
			};
			name = Debug;
		};
		150FBE341B5FBDFA00E6BA02 /* Release */ = {
			isa = XCBuildConfiguration;
			buildSettings = {
				BUNDLE_LOADER = "$(TEST_HOST)";
				FRAMEWORK_SEARCH_PATHS = (
					"$(SDKROOT)/Developer/Library/Frameworks",
					"$(inherited)",
				);
				INFOPLIST_FILE = "Lesson 15 - Weather ForecastTests/Info.plist";
				LD_RUNPATH_SEARCH_PATHS = "$(inherited) @executable_path/Frameworks @loader_path/Frameworks";
				PRODUCT_NAME = "$(TARGET_NAME)";
				TEST_HOST = "$(BUILT_PRODUCTS_DIR)/Lesson 15 - Weather Forecast.app/Lesson 15 - Weather Forecast";
			};
			name = Release;
		};
/* End XCBuildConfiguration section */

/* Begin XCConfigurationList section */
		150FBE0B1B5FBDFA00E6BA02 /* Build configuration list for PBXProject "Lesson 15 - Weather Forecast" */ = {
			isa = XCConfigurationList;
			buildConfigurations = (
				150FBE2D1B5FBDFA00E6BA02 /* Debug */,
				150FBE2E1B5FBDFA00E6BA02 /* Release */,
			);
			defaultConfigurationIsVisible = 0;
			defaultConfigurationName = Release;
		};
		150FBE2F1B5FBDFA00E6BA02 /* Build configuration list for PBXNativeTarget "Lesson 15 - Weather Forecast" */ = {
			isa = XCConfigurationList;
			buildConfigurations = (
				150FBE301B5FBDFA00E6BA02 /* Debug */,
				150FBE311B5FBDFA00E6BA02 /* Release */,
			);
			defaultConfigurationIsVisible = 0;
		};
		150FBE321B5FBDFA00E6BA02 /* Build configuration list for PBXNativeTarget "Lesson 15 - Weather ForecastTests" */ = {
			isa = XCConfigurationList;
			buildConfigurations = (
				150FBE331B5FBDFA00E6BA02 /* Debug */,
				150FBE341B5FBDFA00E6BA02 /* Release */,
			);
			defaultConfigurationIsVisible = 0;
		};
/* End XCConfigurationList section */
	};
	rootObject = 150FBE081B5FBDFA00E6BA02 /* Project object */;
}
