// !$*UTF8*$!
{
	archiveVersion = 1;
	classes = {
	};
	objectVersion = 46;
	objects = {

/* Begin PBXBuildFile section */
		1590266C1B551D2800A24826 /* AppDelegate.swift in Sources */ = {isa = PBXBuildFile; fileRef = 1590266B1B551D2800A24826 /* AppDelegate.swift */; };
		1590266E1B551D2800A24826 /* ViewController.swift in Sources */ = {isa = PBXBuildFile; fileRef = 1590266D1B551D2800A24826 /* ViewController.swift */; };
		159026711B551D2800A24826 /* Main.storyboard in Resources */ = {isa = PBXBuildFile; fileRef = 1590266F1B551D2800A24826 /* Main.storyboard */; };
		159026731B551D2800A24826 /* Images.xcassets in Resources */ = {isa = PBXBuildFile; fileRef = 159026721B551D2800A24826 /* Images.xcassets */; };
		159026761B551D2800A24826 /* LaunchScreen.xib in Resources */ = {isa = PBXBuildFile; fileRef = 159026741B551D2800A24826 /* LaunchScreen.xib */; };
		159026821B551D2800A24826 /* CalculatorTests.swift in Sources */ = {isa = PBXBuildFile; fileRef = 159026811B551D2800A24826 /* CalculatorTests.swift */; };
/* End PBXBuildFile section */

/* Begin PBXContainerItemProxy section */
		1590267C1B551D2800A24826 /* PBXContainerItemProxy */ = {
			isa = PBXContainerItemProxy;
			containerPortal = 1590265E1B551D2800A24826 /* Project object */;
			proxyType = 1;
			remoteGlobalIDString = 159026651B551D2800A24826;
			remoteInfo = Calculator;
		};
/* End PBXContainerItemProxy section */

/* Begin PBXFileReference section */
		159026661B551D2800A24826 /* Calculator.app */ = {isa = PBXFileReference; explicitFileType = wrapper.application; includeInIndex = 0; path = Calculator.app; sourceTree = BUILT_PRODUCTS_DIR; };
		1590266A1B551D2800A24826 /* Info.plist */ = {isa = PBXFileReference; lastKnownFileType = text.plist.xml; path = Info.plist; sourceTree = "<group>"; };
		1590266B1B551D2800A24826 /* AppDelegate.swift */ = {isa = PBXFileReference; lastKnownFileType = sourcecode.swift; path = AppDelegate.swift; sourceTree = "<group>"; };
		1590266D1B551D2800A24826 /* ViewController.swift */ = {isa = PBXFileReference; lastKnownFileType = sourcecode.swift; path = ViewController.swift; sourceTree = "<group>"; };
		159026701B551D2800A24826 /* Base */ = {isa = PBXFileReference; lastKnownFileType = file.storyboard; name = Base; path = Base.lproj/Main.storyboard; sourceTree = "<group>"; };
		159026721B551D2800A24826 /* Images.xcassets */ = {isa = PBXFileReference; lastKnownFileType = folder.assetcatalog; path = Images.xcassets; sourceTree = "<group>"; };
		159026751B551D2800A24826 /* Base */ = {isa = PBXFileReference; lastKnownFileType = file.xib; name = Base; path = Base.lproj/LaunchScreen.xib; sourceTree = "<group>"; };
		1590267B1B551D2800A24826 /* CalculatorTests.xctest */ = {isa = PBXFileReference; explicitFileType = wrapper.cfbundle; includeInIndex = 0; path = CalculatorTests.xctest; sourceTree = BUILT_PRODUCTS_DIR; };
		159026801B551D2800A24826 /* Info.plist */ = {isa = PBXFileReference; lastKnownFileType = text.plist.xml; path = Info.plist; sourceTree = "<group>"; };
		159026811B551D2800A24826 /* CalculatorTests.swift */ = {isa = PBXFileReference; lastKnownFileType = sourcecode.swift; path = CalculatorTests.swift; sourceTree = "<group>"; };
/* End PBXFileReference section */

/* Begin PBXFrameworksBuildPhase section */
		159026631B551D2800A24826 /* Frameworks */ = {
			isa = PBXFrameworksBuildPhase;
			buildActionMask = 2147483647;
			files = (
			);
			runOnlyForDeploymentPostprocessing = 0;
		};
		159026781B551D2800A24826 /* Frameworks */ = {
			isa = PBXFrameworksBuildPhase;
			buildActionMask = 2147483647;
			files = (
			);
			runOnlyForDeploymentPostprocessing = 0;
		};
/* End PBXFrameworksBuildPhase section */

/* Begin PBXGroup section */
		1590265D1B551D2700A24826 = {
			isa = PBXGroup;
			children = (
				159026681B551D2800A24826 /* Calculator */,
				1590267E1B551D2800A24826 /* CalculatorTests */,
				159026671B551D2800A24826 /* Products */,
			);
			sourceTree = "<group>";
		};
		159026671B551D2800A24826 /* Products */ = {
			isa = PBXGroup;
			children = (
				159026661B551D2800A24826 /* Calculator.app */,
				1590267B1B551D2800A24826 /* CalculatorTests.xctest */,
			);
			name = Products;
			sourceTree = "<group>";
		};
		159026681B551D2800A24826 /* Calculator */ = {
			isa = PBXGroup;
			children = (
				1590266B1B551D2800A24826 /* AppDelegate.swift */,
				1590266D1B551D2800A24826 /* ViewController.swift */,
				1590266F1B551D2800A24826 /* Main.storyboard */,
				159026721B551D2800A24826 /* Images.xcassets */,
				159026741B551D2800A24826 /* LaunchScreen.xib */,
				159026691B551D2800A24826 /* Supporting Files */,
			);
			path = Calculator;
			sourceTree = "<group>";
		};
		159026691B551D2800A24826 /* Supporting Files */ = {
			isa = PBXGroup;
			children = (
				1590266A1B551D2800A24826 /* Info.plist */,
			);
			name = "Supporting Files";
			sourceTree = "<group>";
		};
		1590267E1B551D2800A24826 /* CalculatorTests */ = {
			isa = PBXGroup;
			children = (
				159026811B551D2800A24826 /* CalculatorTests.swift */,
				1590267F1B551D2800A24826 /* Supporting Files */,
			);
			path = CalculatorTests;
			sourceTree = "<group>";
		};
		1590267F1B551D2800A24826 /* Supporting Files */ = {
			isa = PBXGroup;
			children = (
				159026801B551D2800A24826 /* Info.plist */,
			);
			name = "Supporting Files";
			sourceTree = "<group>";
		};
/* End PBXGroup section */

/* Begin PBXNativeTarget section */
		159026651B551D2800A24826 /* Calculator */ = {
			isa = PBXNativeTarget;
			buildConfigurationList = 159026851B551D2800A24826 /* Build configuration list for PBXNativeTarget "Calculator" */;
			buildPhases = (
				159026621B551D2800A24826 /* Sources */,
				159026631B551D2800A24826 /* Frameworks */,
				159026641B551D2800A24826 /* Resources */,
			);
			buildRules = (
			);
			dependencies = (
			);
			name = Calculator;
			productName = Calculator;
			productReference = 159026661B551D2800A24826 /* Calculator.app */;
			productType = "com.apple.product-type.application";
		};
		1590267A1B551D2800A24826 /* CalculatorTests */ = {
			isa = PBXNativeTarget;
			buildConfigurationList = 159026881B551D2800A24826 /* Build configuration list for PBXNativeTarget "CalculatorTests" */;
			buildPhases = (
				159026771B551D2800A24826 /* Sources */,
				159026781B551D2800A24826 /* Frameworks */,
				159026791B551D2800A24826 /* Resources */,
			);
			buildRules = (
			);
			dependencies = (
				1590267D1B551D2800A24826 /* PBXTargetDependency */,
			);
			name = CalculatorTests;
			productName = CalculatorTests;
			productReference = 1590267B1B551D2800A24826 /* CalculatorTests.xctest */;
			productType = "com.apple.product-type.bundle.unit-test";
		};
/* End PBXNativeTarget section */

/* Begin PBXProject section */
		1590265E1B551D2800A24826 /* Project object */ = {
			isa = PBXProject;
			attributes = {
				LastUpgradeCheck = 0630;
				ORGANIZATIONNAME = "Flora Wong";
				TargetAttributes = {
					159026651B551D2800A24826 = {
						CreatedOnToolsVersion = 6.3.2;
					};
					1590267A1B551D2800A24826 = {
						CreatedOnToolsVersion = 6.3.2;
						TestTargetID = 159026651B551D2800A24826;
					};
				};
			};
			buildConfigurationList = 159026611B551D2800A24826 /* Build configuration list for PBXProject "Calculator" */;
			compatibilityVersion = "Xcode 3.2";
			developmentRegion = English;
			hasScannedForEncodings = 0;
			knownRegions = (
				en,
				Base,
			);
			mainGroup = 1590265D1B551D2700A24826;
			productRefGroup = 159026671B551D2800A24826 /* Products */;
			projectDirPath = "";
			projectRoot = "";
			targets = (
				159026651B551D2800A24826 /* Calculator */,
				1590267A1B551D2800A24826 /* CalculatorTests */,
			);
		};
/* End PBXProject section */

/* Begin PBXResourcesBuildPhase section */
		159026641B551D2800A24826 /* Resources */ = {
			isa = PBXResourcesBuildPhase;
			buildActionMask = 2147483647;
			files = (
				159026711B551D2800A24826 /* Main.storyboard in Resources */,
				159026761B551D2800A24826 /* LaunchScreen.xib in Resources */,
				159026731B551D2800A24826 /* Images.xcassets in Resources */,
			);
			runOnlyForDeploymentPostprocessing = 0;
		};
		159026791B551D2800A24826 /* Resources */ = {
			isa = PBXResourcesBuildPhase;
			buildActionMask = 2147483647;
			files = (
			);
			runOnlyForDeploymentPostprocessing = 0;
		};
/* End PBXResourcesBuildPhase section */

/* Begin PBXSourcesBuildPhase section */
		159026621B551D2800A24826 /* Sources */ = {
			isa = PBXSourcesBuildPhase;
			buildActionMask = 2147483647;
			files = (
				1590266E1B551D2800A24826 /* ViewController.swift in Sources */,
				1590266C1B551D2800A24826 /* AppDelegate.swift in Sources */,
			);
			runOnlyForDeploymentPostprocessing = 0;
		};
		159026771B551D2800A24826 /* Sources */ = {
			isa = PBXSourcesBuildPhase;
			buildActionMask = 2147483647;
			files = (
				159026821B551D2800A24826 /* CalculatorTests.swift in Sources */,
			);
			runOnlyForDeploymentPostprocessing = 0;
		};
/* End PBXSourcesBuildPhase section */

/* Begin PBXTargetDependency section */
		1590267D1B551D2800A24826 /* PBXTargetDependency */ = {
			isa = PBXTargetDependency;
			target = 159026651B551D2800A24826 /* Calculator */;
			targetProxy = 1590267C1B551D2800A24826 /* PBXContainerItemProxy */;
		};
/* End PBXTargetDependency section */

/* Begin PBXVariantGroup section */
		1590266F1B551D2800A24826 /* Main.storyboard */ = {
			isa = PBXVariantGroup;
			children = (
				159026701B551D2800A24826 /* Base */,
			);
			name = Main.storyboard;
			sourceTree = "<group>";
		};
		159026741B551D2800A24826 /* LaunchScreen.xib */ = {
			isa = PBXVariantGroup;
			children = (
				159026751B551D2800A24826 /* Base */,
			);
			name = LaunchScreen.xib;
			sourceTree = "<group>";
		};
/* End PBXVariantGroup section */

/* Begin XCBuildConfiguration section */
		159026831B551D2800A24826 /* Debug */ = {
			isa = XCBuildConfiguration;
			buildSettings = {
				ALWAYS_SEARCH_USER_PATHS = NO;
				CLANG_CXX_LANGUAGE_STANDARD = "gnu++0x";
				CLANG_CXX_LIBRARY = "libc++";
				CLANG_ENABLE_MODULES = YES;
				CLANG_ENABLE_OBJC_ARC = YES;
				CLANG_WARN_BOOL_CONVERSION = YES;
				CLANG_WARN_CONSTANT_CONVERSION = YES;
				CLANG_WARN_DIRECT_OBJC_ISA_USAGE = YES_ERROR;
				CLANG_WARN_EMPTY_BODY = YES;
				CLANG_WARN_ENUM_CONVERSION = YES;
				CLANG_WARN_INT_CONVERSION = YES;
				CLANG_WARN_OBJC_ROOT_CLASS = YES_ERROR;
				CLANG_WARN_UNREACHABLE_CODE = YES;
				CLANG_WARN__DUPLICATE_METHOD_MATCH = YES;
				"CODE_SIGN_IDENTITY[sdk=iphoneos*]" = "iPhone Developer";
				COPY_PHASE_STRIP = NO;
				DEBUG_INFORMATION_FORMAT = "dwarf-with-dsym";
				ENABLE_STRICT_OBJC_MSGSEND = YES;
				GCC_C_LANGUAGE_STANDARD = gnu99;
				GCC_DYNAMIC_NO_PIC = NO;
				GCC_NO_COMMON_BLOCKS = YES;
				GCC_OPTIMIZATION_LEVEL = 0;
				GCC_PREPROCESSOR_DEFINITIONS = (
					"DEBUG=1",
					"$(inherited)",
				);
				GCC_SYMBOLS_PRIVATE_EXTERN = NO;
				GCC_WARN_64_TO_32_BIT_CONVERSION = YES;
				GCC_WARN_ABOUT_RETURN_TYPE = YES_ERROR;
				GCC_WARN_UNDECLARED_SELECTOR = YES;
				GCC_WARN_UNINITIALIZED_AUTOS = YES_AGGRESSIVE;
				GCC_WARN_UNUSED_FUNCTION = YES;
				GCC_WARN_UNUSED_VARIABLE = YES;
				IPHONEOS_DEPLOYMENT_TARGET = 8.3;
				MTL_ENABLE_DEBUG_INFO = YES;
				ONLY_ACTIVE_ARCH = YES;
				SDKROOT = iphoneos;
				SWIFT_OPTIMIZATION_LEVEL = "-Onone";
			};
			name = Debug;
		};
		159026841B551D2800A24826 /* Release */ = {
			isa = XCBuildConfiguration;
			buildSettings = {
				ALWAYS_SEARCH_USER_PATHS = NO;
				CLANG_CXX_LANGUAGE_STANDARD = "gnu++0x";
				CLANG_CXX_LIBRARY = "libc++";
				CLANG_ENABLE_MODULES = YES;
				CLANG_ENABLE_OBJC_ARC = YES;
				CLANG_WARN_BOOL_CONVERSION = YES;
				CLANG_WARN_CONSTANT_CONVERSION = YES;
				CLANG_WARN_DIRECT_OBJC_ISA_USAGE = YES_ERROR;
				CLANG_WARN_EMPTY_BODY = YES;
				CLANG_WARN_ENUM_CONVERSION = YES;
				CLANG_WARN_INT_CONVERSION = YES;
				CLANG_WARN_OBJC_ROOT_CLASS = YES_ERROR;
				CLANG_WARN_UNREACHABLE_CODE = YES;
				CLANG_WARN__DUPLICATE_METHOD_MATCH = YES;
				"CODE_SIGN_IDENTITY[sdk=iphoneos*]" = "iPhone Developer";
				COPY_PHASE_STRIP = NO;
				DEBUG_INFORMATION_FORMAT = "dwarf-with-dsym";
				ENABLE_NS_ASSERTIONS = NO;
				ENABLE_STRICT_OBJC_MSGSEND = YES;
				GCC_C_LANGUAGE_STANDARD = gnu99;
				GCC_NO_COMMON_BLOCKS = YES;
				GCC_WARN_64_TO_32_BIT_CONVERSION = YES;
				GCC_WARN_ABOUT_RETURN_TYPE = YES_ERROR;
				GCC_WARN_UNDECLARED_SELECTOR = YES;
				GCC_WARN_UNINITIALIZED_AUTOS = YES_AGGRESSIVE;
				GCC_WARN_UNUSED_FUNCTION = YES;
				GCC_WARN_UNUSED_VARIABLE = YES;
				IPHONEOS_DEPLOYMENT_TARGET = 8.3;
				MTL_ENABLE_DEBUG_INFO = NO;
				SDKROOT = iphoneos;
				VALIDATE_PRODUCT = YES;
			};
			name = Release;
		};
		159026861B551D2800A24826 /* Debug */ = {
			isa = XCBuildConfiguration;
			buildSettings = {
				ASSETCATALOG_COMPILER_APPICON_NAME = AppIcon;
				INFOPLIST_FILE = Calculator/Info.plist;
				LD_RUNPATH_SEARCH_PATHS = "$(inherited) @executable_path/Frameworks";
				PRODUCT_NAME = "$(TARGET_NAME)";
			};
			name = Debug;
		};
		159026871B551D2800A24826 /* Release */ = {
			isa = XCBuildConfiguration;
			buildSettings = {
				ASSETCATALOG_COMPILER_APPICON_NAME = AppIcon;
				INFOPLIST_FILE = Calculator/Info.plist;
				LD_RUNPATH_SEARCH_PATHS = "$(inherited) @executable_path/Frameworks";
				PRODUCT_NAME = "$(TARGET_NAME)";
			};
			name = Release;
		};
		159026891B551D2800A24826 /* Debug */ = {
			isa = XCBuildConfiguration;
			buildSettings = {
				BUNDLE_LOADER = "$(TEST_HOST)";
				FRAMEWORK_SEARCH_PATHS = (
					"$(SDKROOT)/Developer/Library/Frameworks",
					"$(inherited)",
				);
				GCC_PREPROCESSOR_DEFINITIONS = (
					"DEBUG=1",
					"$(inherited)",
				);
				INFOPLIST_FILE = CalculatorTests/Info.plist;
				LD_RUNPATH_SEARCH_PATHS = "$(inherited) @executable_path/Frameworks @loader_path/Frameworks";
				PRODUCT_NAME = "$(TARGET_NAME)";
				TEST_HOST = "$(BUILT_PRODUCTS_DIR)/Calculator.app/Calculator";
			};
			name = Debug;
		};
		1590268A1B551D2800A24826 /* Release */ = {
			isa = XCBuildConfiguration;
			buildSettings = {
				BUNDLE_LOADER = "$(TEST_HOST)";
				FRAMEWORK_SEARCH_PATHS = (
					"$(SDKROOT)/Developer/Library/Frameworks",
					"$(inherited)",
				);
				INFOPLIST_FILE = CalculatorTests/Info.plist;
				LD_RUNPATH_SEARCH_PATHS = "$(inherited) @executable_path/Frameworks @loader_path/Frameworks";
				PRODUCT_NAME = "$(TARGET_NAME)";
				TEST_HOST = "$(BUILT_PRODUCTS_DIR)/Calculator.app/Calculator";
			};
			name = Release;
		};
/* End XCBuildConfiguration section */

/* Begin XCConfigurationList section */
		159026611B551D2800A24826 /* Build configuration list for PBXProject "Calculator" */ = {
			isa = XCConfigurationList;
			buildConfigurations = (
				159026831B551D2800A24826 /* Debug */,
				159026841B551D2800A24826 /* Release */,
			);
			defaultConfigurationIsVisible = 0;
			defaultConfigurationName = Release;
		};
		159026851B551D2800A24826 /* Build configuration list for PBXNativeTarget "Calculator" */ = {
			isa = XCConfigurationList;
			buildConfigurations = (
				159026861B551D2800A24826 /* Debug */,
				159026871B551D2800A24826 /* Release */,
			);
			defaultConfigurationIsVisible = 0;
		};
		159026881B551D2800A24826 /* Build configuration list for PBXNativeTarget "CalculatorTests" */ = {
			isa = XCConfigurationList;
			buildConfigurations = (
				159026891B551D2800A24826 /* Debug */,
				1590268A1B551D2800A24826 /* Release */,
			);
			defaultConfigurationIsVisible = 0;
		};
/* End XCConfigurationList section */
	};
	rootObject = 1590265E1B551D2800A24826 /* Project object */;
}
