// !$*UTF8*$!
{
	archiveVersion = 1;
	classes = {
	};
	objectVersion = 46;
	objects = {

/* Begin PBXBuildFile section */
		1508331F1B1F3B8A000DF0BD /* AppDelegate.swift in Sources */ = {isa = PBXBuildFile; fileRef = 1508331E1B1F3B8A000DF0BD /* AppDelegate.swift */; };
		150833211B1F3B8A000DF0BD /* ViewController.swift in Sources */ = {isa = PBXBuildFile; fileRef = 150833201B1F3B8A000DF0BD /* ViewController.swift */; };
		150833241B1F3B8A000DF0BD /* Main.storyboard in Resources */ = {isa = PBXBuildFile; fileRef = 150833221B1F3B8A000DF0BD /* Main.storyboard */; };
		150833261B1F3B8A000DF0BD /* Images.xcassets in Resources */ = {isa = PBXBuildFile; fileRef = 150833251B1F3B8A000DF0BD /* Images.xcassets */; };
		150833291B1F3B8A000DF0BD /* LaunchScreen.xib in Resources */ = {isa = PBXBuildFile; fileRef = 150833271B1F3B8A000DF0BD /* LaunchScreen.xib */; };
		150833351B1F3B8A000DF0BD /* Test_SubmissionTests.swift in Sources */ = {isa = PBXBuildFile; fileRef = 150833341B1F3B8A000DF0BD /* Test_SubmissionTests.swift */; };
/* End PBXBuildFile section */

/* Begin PBXContainerItemProxy section */
		1508332F1B1F3B8A000DF0BD /* PBXContainerItemProxy */ = {
			isa = PBXContainerItemProxy;
			containerPortal = 150833111B1F3B8A000DF0BD /* Project object */;
			proxyType = 1;
			remoteGlobalIDString = 150833181B1F3B8A000DF0BD;
			remoteInfo = "Test Submission";
		};
/* End PBXContainerItemProxy section */

/* Begin PBXFileReference section */
		150833191B1F3B8A000DF0BD /* Test Submission.app */ = {isa = PBXFileReference; explicitFileType = wrapper.application; includeInIndex = 0; path = "Test Submission.app"; sourceTree = BUILT_PRODUCTS_DIR; };
		1508331D1B1F3B8A000DF0BD /* Info.plist */ = {isa = PBXFileReference; lastKnownFileType = text.plist.xml; path = Info.plist; sourceTree = "<group>"; };
		1508331E1B1F3B8A000DF0BD /* AppDelegate.swift */ = {isa = PBXFileReference; lastKnownFileType = sourcecode.swift; path = AppDelegate.swift; sourceTree = "<group>"; };
		150833201B1F3B8A000DF0BD /* ViewController.swift */ = {isa = PBXFileReference; lastKnownFileType = sourcecode.swift; path = ViewController.swift; sourceTree = "<group>"; };
		150833231B1F3B8A000DF0BD /* Base */ = {isa = PBXFileReference; lastKnownFileType = file.storyboard; name = Base; path = Base.lproj/Main.storyboard; sourceTree = "<group>"; };
		150833251B1F3B8A000DF0BD /* Images.xcassets */ = {isa = PBXFileReference; lastKnownFileType = folder.assetcatalog; path = Images.xcassets; sourceTree = "<group>"; };
		150833281B1F3B8A000DF0BD /* Base */ = {isa = PBXFileReference; lastKnownFileType = file.xib; name = Base; path = Base.lproj/LaunchScreen.xib; sourceTree = "<group>"; };
		1508332E1B1F3B8A000DF0BD /* Test SubmissionTests.xctest */ = {isa = PBXFileReference; explicitFileType = wrapper.cfbundle; includeInIndex = 0; path = "Test SubmissionTests.xctest"; sourceTree = BUILT_PRODUCTS_DIR; };
		150833331B1F3B8A000DF0BD /* Info.plist */ = {isa = PBXFileReference; lastKnownFileType = text.plist.xml; path = Info.plist; sourceTree = "<group>"; };
		150833341B1F3B8A000DF0BD /* Test_SubmissionTests.swift */ = {isa = PBXFileReference; lastKnownFileType = sourcecode.swift; path = Test_SubmissionTests.swift; sourceTree = "<group>"; };
/* End PBXFileReference section */

/* Begin PBXFrameworksBuildPhase section */
		150833161B1F3B8A000DF0BD /* Frameworks */ = {
			isa = PBXFrameworksBuildPhase;
			buildActionMask = 2147483647;
			files = (
			);
			runOnlyForDeploymentPostprocessing = 0;
		};
		1508332B1B1F3B8A000DF0BD /* Frameworks */ = {
			isa = PBXFrameworksBuildPhase;
			buildActionMask = 2147483647;
			files = (
			);
			runOnlyForDeploymentPostprocessing = 0;
		};
/* End PBXFrameworksBuildPhase section */

/* Begin PBXGroup section */
		150833101B1F3B8A000DF0BD = {
			isa = PBXGroup;
			children = (
				1508331B1B1F3B8A000DF0BD /* Test Submission */,
				150833311B1F3B8A000DF0BD /* Test SubmissionTests */,
				1508331A1B1F3B8A000DF0BD /* Products */,
			);
			sourceTree = "<group>";
		};
		1508331A1B1F3B8A000DF0BD /* Products */ = {
			isa = PBXGroup;
			children = (
				150833191B1F3B8A000DF0BD /* Test Submission.app */,
				1508332E1B1F3B8A000DF0BD /* Test SubmissionTests.xctest */,
			);
			name = Products;
			sourceTree = "<group>";
		};
		1508331B1B1F3B8A000DF0BD /* Test Submission */ = {
			isa = PBXGroup;
			children = (
				1508331E1B1F3B8A000DF0BD /* AppDelegate.swift */,
				150833201B1F3B8A000DF0BD /* ViewController.swift */,
				150833221B1F3B8A000DF0BD /* Main.storyboard */,
				150833251B1F3B8A000DF0BD /* Images.xcassets */,
				150833271B1F3B8A000DF0BD /* LaunchScreen.xib */,
				1508331C1B1F3B8A000DF0BD /* Supporting Files */,
			);
			path = "Test Submission";
			sourceTree = "<group>";
		};
		1508331C1B1F3B8A000DF0BD /* Supporting Files */ = {
			isa = PBXGroup;
			children = (
				1508331D1B1F3B8A000DF0BD /* Info.plist */,
			);
			name = "Supporting Files";
			sourceTree = "<group>";
		};
		150833311B1F3B8A000DF0BD /* Test SubmissionTests */ = {
			isa = PBXGroup;
			children = (
				150833341B1F3B8A000DF0BD /* Test_SubmissionTests.swift */,
				150833321B1F3B8A000DF0BD /* Supporting Files */,
			);
			path = "Test SubmissionTests";
			sourceTree = "<group>";
		};
		150833321B1F3B8A000DF0BD /* Supporting Files */ = {
			isa = PBXGroup;
			children = (
				150833331B1F3B8A000DF0BD /* Info.plist */,
			);
			name = "Supporting Files";
			sourceTree = "<group>";
		};
/* End PBXGroup section */

/* Begin PBXNativeTarget section */
		150833181B1F3B8A000DF0BD /* Test Submission */ = {
			isa = PBXNativeTarget;
			buildConfigurationList = 150833381B1F3B8A000DF0BD /* Build configuration list for PBXNativeTarget "Test Submission" */;
			buildPhases = (
				150833151B1F3B8A000DF0BD /* Sources */,
				150833161B1F3B8A000DF0BD /* Frameworks */,
				150833171B1F3B8A000DF0BD /* Resources */,
			);
			buildRules = (
			);
			dependencies = (
			);
			name = "Test Submission";
			productName = "Test Submission";
			productReference = 150833191B1F3B8A000DF0BD /* Test Submission.app */;
			productType = "com.apple.product-type.application";
		};
		1508332D1B1F3B8A000DF0BD /* Test SubmissionTests */ = {
			isa = PBXNativeTarget;
			buildConfigurationList = 1508333B1B1F3B8A000DF0BD /* Build configuration list for PBXNativeTarget "Test SubmissionTests" */;
			buildPhases = (
				1508332A1B1F3B8A000DF0BD /* Sources */,
				1508332B1B1F3B8A000DF0BD /* Frameworks */,
				1508332C1B1F3B8A000DF0BD /* Resources */,
			);
			buildRules = (
			);
			dependencies = (
				150833301B1F3B8A000DF0BD /* PBXTargetDependency */,
			);
			name = "Test SubmissionTests";
			productName = "Test SubmissionTests";
			productReference = 1508332E1B1F3B8A000DF0BD /* Test SubmissionTests.xctest */;
			productType = "com.apple.product-type.bundle.unit-test";
		};
/* End PBXNativeTarget section */

/* Begin PBXProject section */
		150833111B1F3B8A000DF0BD /* Project object */ = {
			isa = PBXProject;
			attributes = {
				LastUpgradeCheck = 0630;
				ORGANIZATIONNAME = "Flora Wong";
				TargetAttributes = {
					150833181B1F3B8A000DF0BD = {
						CreatedOnToolsVersion = 6.3.2;
					};
					1508332D1B1F3B8A000DF0BD = {
						CreatedOnToolsVersion = 6.3.2;
						TestTargetID = 150833181B1F3B8A000DF0BD;
					};
				};
			};
			buildConfigurationList = 150833141B1F3B8A000DF0BD /* Build configuration list for PBXProject "Test Submission" */;
			compatibilityVersion = "Xcode 3.2";
			developmentRegion = English;
			hasScannedForEncodings = 0;
			knownRegions = (
				en,
				Base,
			);
			mainGroup = 150833101B1F3B8A000DF0BD;
			productRefGroup = 1508331A1B1F3B8A000DF0BD /* Products */;
			projectDirPath = "";
			projectRoot = "";
			targets = (
				150833181B1F3B8A000DF0BD /* Test Submission */,
				1508332D1B1F3B8A000DF0BD /* Test SubmissionTests */,
			);
		};
/* End PBXProject section */

/* Begin PBXResourcesBuildPhase section */
		150833171B1F3B8A000DF0BD /* Resources */ = {
			isa = PBXResourcesBuildPhase;
			buildActionMask = 2147483647;
			files = (
				150833241B1F3B8A000DF0BD /* Main.storyboard in Resources */,
				150833291B1F3B8A000DF0BD /* LaunchScreen.xib in Resources */,
				150833261B1F3B8A000DF0BD /* Images.xcassets in Resources */,
			);
			runOnlyForDeploymentPostprocessing = 0;
		};
		1508332C1B1F3B8A000DF0BD /* Resources */ = {
			isa = PBXResourcesBuildPhase;
			buildActionMask = 2147483647;
			files = (
			);
			runOnlyForDeploymentPostprocessing = 0;
		};
/* End PBXResourcesBuildPhase section */

/* Begin PBXSourcesBuildPhase section */
		150833151B1F3B8A000DF0BD /* Sources */ = {
			isa = PBXSourcesBuildPhase;
			buildActionMask = 2147483647;
			files = (
				150833211B1F3B8A000DF0BD /* ViewController.swift in Sources */,
				1508331F1B1F3B8A000DF0BD /* AppDelegate.swift in Sources */,
			);
			runOnlyForDeploymentPostprocessing = 0;
		};
		1508332A1B1F3B8A000DF0BD /* Sources */ = {
			isa = PBXSourcesBuildPhase;
			buildActionMask = 2147483647;
			files = (
				150833351B1F3B8A000DF0BD /* Test_SubmissionTests.swift in Sources */,
			);
			runOnlyForDeploymentPostprocessing = 0;
		};
/* End PBXSourcesBuildPhase section */

/* Begin PBXTargetDependency section */
		150833301B1F3B8A000DF0BD /* PBXTargetDependency */ = {
			isa = PBXTargetDependency;
			target = 150833181B1F3B8A000DF0BD /* Test Submission */;
			targetProxy = 1508332F1B1F3B8A000DF0BD /* PBXContainerItemProxy */;
		};
/* End PBXTargetDependency section */

/* Begin PBXVariantGroup section */
		150833221B1F3B8A000DF0BD /* Main.storyboard */ = {
			isa = PBXVariantGroup;
			children = (
				150833231B1F3B8A000DF0BD /* Base */,
			);
			name = Main.storyboard;
			sourceTree = "<group>";
		};
		150833271B1F3B8A000DF0BD /* LaunchScreen.xib */ = {
			isa = PBXVariantGroup;
			children = (
				150833281B1F3B8A000DF0BD /* Base */,
			);
			name = LaunchScreen.xib;
			sourceTree = "<group>";
		};
/* End PBXVariantGroup section */

/* Begin XCBuildConfiguration section */
		150833361B1F3B8A000DF0BD /* Debug */ = {
			isa = XCBuildConfiguration;
			buildSettings = {
				ALWAYS_SEARCH_USER_PATHS = NO;
				CLANG_CXX_LANGUAGE_STANDARD = "gnu++0x";
				CLANG_CXX_LIBRARY = "libc++";
				CLANG_ENABLE_MODULES = YES;
				CLANG_ENABLE_OBJC_ARC = YES;
				CLANG_WARN_BOOL_CONVERSION = YES;
				CLANG_WARN_CONSTANT_CONVERSION = YES;
				CLANG_WARN_DIRECT_OBJC_ISA_USAGE = YES_ERROR;
				CLANG_WARN_EMPTY_BODY = YES;
				CLANG_WARN_ENUM_CONVERSION = YES;
				CLANG_WARN_INT_CONVERSION = YES;
				CLANG_WARN_OBJC_ROOT_CLASS = YES_ERROR;
				CLANG_WARN_UNREACHABLE_CODE = YES;
				CLANG_WARN__DUPLICATE_METHOD_MATCH = YES;
				"CODE_SIGN_IDENTITY[sdk=iphoneos*]" = "iPhone Developer";
				COPY_PHASE_STRIP = NO;
				DEBUG_INFORMATION_FORMAT = "dwarf-with-dsym";
				ENABLE_STRICT_OBJC_MSGSEND = YES;
				GCC_C_LANGUAGE_STANDARD = gnu99;
				GCC_DYNAMIC_NO_PIC = NO;
				GCC_NO_COMMON_BLOCKS = YES;
				GCC_OPTIMIZATION_LEVEL = 0;
				GCC_PREPROCESSOR_DEFINITIONS = (
					"DEBUG=1",
					"$(inherited)",
				);
				GCC_SYMBOLS_PRIVATE_EXTERN = NO;
				GCC_WARN_64_TO_32_BIT_CONVERSION = YES;
				GCC_WARN_ABOUT_RETURN_TYPE = YES_ERROR;
				GCC_WARN_UNDECLARED_SELECTOR = YES;
				GCC_WARN_UNINITIALIZED_AUTOS = YES_AGGRESSIVE;
				GCC_WARN_UNUSED_FUNCTION = YES;
				GCC_WARN_UNUSED_VARIABLE = YES;
				IPHONEOS_DEPLOYMENT_TARGET = 8.3;
				MTL_ENABLE_DEBUG_INFO = YES;
				ONLY_ACTIVE_ARCH = YES;
				SDKROOT = iphoneos;
				SWIFT_OPTIMIZATION_LEVEL = "-Onone";
			};
			name = Debug;
		};
		150833371B1F3B8A000DF0BD /* Release */ = {
			isa = XCBuildConfiguration;
			buildSettings = {
				ALWAYS_SEARCH_USER_PATHS = NO;
				CLANG_CXX_LANGUAGE_STANDARD = "gnu++0x";
				CLANG_CXX_LIBRARY = "libc++";
				CLANG_ENABLE_MODULES = YES;
				CLANG_ENABLE_OBJC_ARC = YES;
				CLANG_WARN_BOOL_CONVERSION = YES;
				CLANG_WARN_CONSTANT_CONVERSION = YES;
				CLANG_WARN_DIRECT_OBJC_ISA_USAGE = YES_ERROR;
				CLANG_WARN_EMPTY_BODY = YES;
				CLANG_WARN_ENUM_CONVERSION = YES;
				CLANG_WARN_INT_CONVERSION = YES;
				CLANG_WARN_OBJC_ROOT_CLASS = YES_ERROR;
				CLANG_WARN_UNREACHABLE_CODE = YES;
				CLANG_WARN__DUPLICATE_METHOD_MATCH = YES;
				"CODE_SIGN_IDENTITY[sdk=iphoneos*]" = "iPhone Developer";
				COPY_PHASE_STRIP = NO;
				DEBUG_INFORMATION_FORMAT = "dwarf-with-dsym";
				ENABLE_NS_ASSERTIONS = NO;
				ENABLE_STRICT_OBJC_MSGSEND = YES;
				GCC_C_LANGUAGE_STANDARD = gnu99;
				GCC_NO_COMMON_BLOCKS = YES;
				GCC_WARN_64_TO_32_BIT_CONVERSION = YES;
				GCC_WARN_ABOUT_RETURN_TYPE = YES_ERROR;
				GCC_WARN_UNDECLARED_SELECTOR = YES;
				GCC_WARN_UNINITIALIZED_AUTOS = YES_AGGRESSIVE;
				GCC_WARN_UNUSED_FUNCTION = YES;
				GCC_WARN_UNUSED_VARIABLE = YES;
				IPHONEOS_DEPLOYMENT_TARGET = 8.3;
				MTL_ENABLE_DEBUG_INFO = NO;
				SDKROOT = iphoneos;
				VALIDATE_PRODUCT = YES;
			};
			name = Release;
		};
		150833391B1F3B8A000DF0BD /* Debug */ = {
			isa = XCBuildConfiguration;
			buildSettings = {
				ASSETCATALOG_COMPILER_APPICON_NAME = AppIcon;
				INFOPLIST_FILE = "Test Submission/Info.plist";
				LD_RUNPATH_SEARCH_PATHS = "$(inherited) @executable_path/Frameworks";
				PRODUCT_NAME = "$(TARGET_NAME)";
			};
			name = Debug;
		};
		1508333A1B1F3B8A000DF0BD /* Release */ = {
			isa = XCBuildConfiguration;
			buildSettings = {
				ASSETCATALOG_COMPILER_APPICON_NAME = AppIcon;
				INFOPLIST_FILE = "Test Submission/Info.plist";
				LD_RUNPATH_SEARCH_PATHS = "$(inherited) @executable_path/Frameworks";
				PRODUCT_NAME = "$(TARGET_NAME)";
			};
			name = Release;
		};
		1508333C1B1F3B8A000DF0BD /* Debug */ = {
			isa = XCBuildConfiguration;
			buildSettings = {
				BUNDLE_LOADER = "$(TEST_HOST)";
				FRAMEWORK_SEARCH_PATHS = (
					"$(SDKROOT)/Developer/Library/Frameworks",
					"$(inherited)",
				);
				GCC_PREPROCESSOR_DEFINITIONS = (
					"DEBUG=1",
					"$(inherited)",
				);
				INFOPLIST_FILE = "Test SubmissionTests/Info.plist";
				LD_RUNPATH_SEARCH_PATHS = "$(inherited) @executable_path/Frameworks @loader_path/Frameworks";
				PRODUCT_NAME = "$(TARGET_NAME)";
				TEST_HOST = "$(BUILT_PRODUCTS_DIR)/Test Submission.app/Test Submission";
			};
			name = Debug;
		};
		1508333D1B1F3B8A000DF0BD /* Release */ = {
			isa = XCBuildConfiguration;
			buildSettings = {
				BUNDLE_LOADER = "$(TEST_HOST)";
				FRAMEWORK_SEARCH_PATHS = (
					"$(SDKROOT)/Developer/Library/Frameworks",
					"$(inherited)",
				);
				INFOPLIST_FILE = "Test SubmissionTests/Info.plist";
				LD_RUNPATH_SEARCH_PATHS = "$(inherited) @executable_path/Frameworks @loader_path/Frameworks";
				PRODUCT_NAME = "$(TARGET_NAME)";
				TEST_HOST = "$(BUILT_PRODUCTS_DIR)/Test Submission.app/Test Submission";
			};
			name = Release;
		};
/* End XCBuildConfiguration section */

/* Begin XCConfigurationList section */
		150833141B1F3B8A000DF0BD /* Build configuration list for PBXProject "Test Submission" */ = {
			isa = XCConfigurationList;
			buildConfigurations = (
				150833361B1F3B8A000DF0BD /* Debug */,
				150833371B1F3B8A000DF0BD /* Release */,
			);
			defaultConfigurationIsVisible = 0;
			defaultConfigurationName = Release;
		};
		150833381B1F3B8A000DF0BD /* Build configuration list for PBXNativeTarget "Test Submission" */ = {
			isa = XCConfigurationList;
			buildConfigurations = (
				150833391B1F3B8A000DF0BD /* Debug */,
				1508333A1B1F3B8A000DF0BD /* Release */,
			);
			defaultConfigurationIsVisible = 0;
		};
		1508333B1B1F3B8A000DF0BD /* Build configuration list for PBXNativeTarget "Test SubmissionTests" */ = {
			isa = XCConfigurationList;
			buildConfigurations = (
				1508333C1B1F3B8A000DF0BD /* Debug */,
				1508333D1B1F3B8A000DF0BD /* Release */,
			);
			defaultConfigurationIsVisible = 0;
		};
/* End XCConfigurationList section */
	};
	rootObject = 150833111B1F3B8A000DF0BD /* Project object */;
}
